// !$*UTF8*$!
{
	archiveVersion = 1;
	classes = {
	};
	objectVersion = 77;
	objects = {

/* Begin PBXBuildFile section */
		082519D3F5B959E75A340961 /* RegisterCleanerView.swift in Sources */ = {isa = PBXBuildFile; fileRef = 3252B4F4B843A7D1F0A2D44A /* RegisterCleanerView.swift */; };
		084C1D81F30A8C61C2B18E65 /* BrowseListingsView.swift in Sources */ = {isa = PBXBuildFile; fileRef = C0E44B3CC433A823EA285D29 /* BrowseListingsView.swift */; };
		08ABBACF5BB56D46C8EDC0C9 /* WelcomeView.swift in Sources */ = {isa = PBXBuildFile; fileRef = 98F93542BFFD36DBBA5DD364 /* WelcomeView.swift */; };
		2BED1B74502FFAD533CAC775 /* CustomerTabView.swift in Sources */ = {isa = PBXBuildFile; fileRef = 538EF47B17A826422056293B /* CustomerTabView.swift */; };
		2DD691B4540C13BFECA565DE /* MyRequestsView.swift in Sources */ = {isa = PBXBuildFile; fileRef = AEB8E78151EF8852CA22DD10 /* MyRequestsView.swift */; };
		3869AF2EA933B5E967AB840D /* MyJobsView.swift in Sources */ = {isa = PBXBuildFile; fileRef = CDBF226790871BC581EFDA78 /* MyJobsView.swift */; };
		392C3A538CD5562BAD3EF94A /* OpenJobsView.swift in Sources */ = {isa = PBXBuildFile; fileRef = CF4CEDE6B7B7578399F7CE13 /* OpenJobsView.swift */; };
		3F1FE87A9EC508509668ABF0 /* Models.swift in Sources */ = {isa = PBXBuildFile; fileRef = 06F3FC3A44BE29164119EA7E /* Models.swift */; };
		45671BC38A5CFAC4ED8E2FAB /* SessionStore.swift in Sources */ = {isa = PBXBuildFile; fileRef = 95D2AB0F05A5E28DA2889D39 /* SessionStore.swift */; };
		508D1DDD5BA02718F7CEA00F /* JobDetailView.swift in Sources */ = {isa = PBXBuildFile; fileRef = 20ECED9B44CD519E379882A8 /* JobDetailView.swift */; };
		5309DF94B871DE297D3F178C /* APIClient.swift in Sources */ = {isa = PBXBuildFile; fileRef = 65C5492F4BC3093D413F0140 /* APIClient.swift */; };
		5662871FB0E046F57E16F75E /* ListingDetailView.swift in Sources */ = {isa = PBXBuildFile; fileRef = C7E31480986D59B56713A275 /* ListingDetailView.swift */; };
		5D2BC0CC241B13FE60BD8831 /* LoginView.swift in Sources */ = {isa = PBXBuildFile; fileRef = 0E70C87FE6299CA851067E65 /* LoginView.swift */; };
		64D1AE531D09CDC2FC7BF092 /* NotificationsView.swift in Sources */ = {isa = PBXBuildFile; fileRef = 12B72DE80442759C07FA4BA5 /* NotificationsView.swift */; };
		68BEB2966DFB84B611A8DA43 /* CleanerTabView.swift in Sources */ = {isa = PBXBuildFile; fileRef = BB9A300ADBA73288FCD78E03 /* CleanerTabView.swift */; };
		6EF7BA0101F15A6E793A9D9E /* ApplyCleanerView.swift in Sources */ = {isa = PBXBuildFile; fileRef = 97130D86616373CC4A3D4013 /* ApplyCleanerView.swift */; };
		707A525FEC4025D93CD13723 /* CreateJobView.swift in Sources */ = {isa = PBXBuildFile; fileRef = 0A1DA1A50EE89D5FA8A2B0EA /* CreateJobView.swift */; };
		7871D98A72596A404D5E675E /* Components.swift in Sources */ = {isa = PBXBuildFile; fileRef = 8193564E2BC46583DF3C94A4 /* Components.swift */; };
		91546D9C02C171F8440927EC /* KeychainHelper.swift in Sources */ = {isa = PBXBuildFile; fileRef = 59DA0F454044F3BE592FBEBA /* KeychainHelper.swift */; };
		9FC5E57A7FA4A44448DB14F1 /* RegisterCustomerView.swift in Sources */ = {isa = PBXBuildFile; fileRef = 2384DA13DB2EA5E69082996F /* RegisterCustomerView.swift */; };
		AC58620B3C0CA0AE54572253 /* Enums.swift in Sources */ = {isa = PBXBuildFile; fileRef = 4B47087556C949BBF6BEF0B4 /* Enums.swift */; };
		CEC232C987F1E73BE970DAAD /* CleanerJobsView.swift in Sources */ = {isa = PBXBuildFile; fileRef = 4E5A98C9A17D3E8F958B4594 /* CleanerJobsView.swift */; };
		D1A42D62F04A5F283EC843FB /* ProfileView.swift in Sources */ = {isa = PBXBuildFile; fileRef = F3C973A779C6AC714C2C76B5 /* ProfileView.swift */; };
		D55B365BE37084E15CA4AAFA /* CleanerRequestsView.swift in Sources */ = {isa = PBXBuildFile; fileRef = E8891F6F63452EDEE6955116 /* CleanerRequestsView.swift */; };
		DBDF5B3A3B7A76CD367228AC /* RootView.swift in Sources */ = {isa = PBXBuildFile; fileRef = 7A66EC4567404FB3943BD929 /* RootView.swift */; };
		EED42F8420764B16D84726E9 /* MyListingsView.swift in Sources */ = {isa = PBXBuildFile; fileRef = 86152F71F6CDC42BFFDF21B4 /* MyListingsView.swift */; };
		F103BEDB5562C24D1548D16D /* CleanSwiftApp.swift in Sources */ = {isa = PBXBuildFile; fileRef = 928A469BAEB3FABCC0235EE2 /* CleanSwiftApp.swift */; };
		F866546202900BA1B87F9E23 /* API.swift in Sources */ = {isa = PBXBuildFile; fileRef = 7D078142DDB738E7FDAA2A68 /* API.swift */; };
/* End PBXBuildFile section */

/* Begin PBXFileReference section */
		06F3FC3A44BE29164119EA7E /* Models.swift */ = {isa = PBXFileReference; lastKnownFileType = sourcecode.swift; path = Models.swift; sourceTree = "<group>"; };
		0A1DA1A50EE89D5FA8A2B0EA /* CreateJobView.swift */ = {isa = PBXFileReference; lastKnownFileType = sourcecode.swift; path = CreateJobView.swift; sourceTree = "<group>"; };
		0E70C87FE6299CA851067E65 /* LoginView.swift */ = {isa = PBXFileReference; lastKnownFileType = sourcecode.swift; path = LoginView.swift; sourceTree = "<group>"; };
		12B72DE80442759C07FA4BA5 /* NotificationsView.swift */ = {isa = PBXFileReference; lastKnownFileType = sourcecode.swift; path = NotificationsView.swift; sourceTree = "<group>"; };
		20ECED9B44CD519E379882A8 /* JobDetailView.swift */ = {isa = PBXFileReference; lastKnownFileType = sourcecode.swift; path = JobDetailView.swift; sourceTree = "<group>"; };
		2384DA13DB2EA5E69082996F /* RegisterCustomerView.swift */ = {isa = PBXFileReference; lastKnownFileType = sourcecode.swift; path = RegisterCustomerView.swift; sourceTree = "<group>"; };
		3252B4F4B843A7D1F0A2D44A /* RegisterCleanerView.swift */ = {isa = PBXFileReference; lastKnownFileType = sourcecode.swift; path = RegisterCleanerView.swift; sourceTree = "<group>"; };
		4B47087556C949BBF6BEF0B4 /* Enums.swift */ = {isa = PBXFileReference; lastKnownFileType = sourcecode.swift; path = Enums.swift; sourceTree = "<group>"; };
		4E5A98C9A17D3E8F958B4594 /* CleanerJobsView.swift */ = {isa = PBXFileReference; lastKnownFileType = sourcecode.swift; path = CleanerJobsView.swift; sourceTree = "<group>"; };
		538EF47B17A826422056293B /* CustomerTabView.swift */ = {isa = PBXFileReference; lastKnownFileType = sourcecode.swift; path = CustomerTabView.swift; sourceTree = "<group>"; };
		5766A79C86083CA17F9690F5 /* CleanSwift.app */ = {isa = PBXFileReference; includeInIndex = 0; lastKnownFileType = wrapper.application; path = CleanSwift.app; sourceTree = BUILT_PRODUCTS_DIR; };
		59DA0F454044F3BE592FBEBA /* KeychainHelper.swift */ = {isa = PBXFileReference; lastKnownFileType = sourcecode.swift; path = KeychainHelper.swift; sourceTree = "<group>"; };
		65C5492F4BC3093D413F0140 /* APIClient.swift */ = {isa = PBXFileReference; lastKnownFileType = sourcecode.swift; path = APIClient.swift; sourceTree = "<group>"; };
		7A66EC4567404FB3943BD929 /* RootView.swift */ = {isa = PBXFileReference; lastKnownFileType = sourcecode.swift; path = RootView.swift; sourceTree = "<group>"; };
		7D078142DDB738E7FDAA2A68 /* API.swift */ = {isa = PBXFileReference; lastKnownFileType = sourcecode.swift; path = API.swift; sourceTree = "<group>"; };
		8193564E2BC46583DF3C94A4 /* Components.swift */ = {isa = PBXFileReference; lastKnownFileType = sourcecode.swift; path = Components.swift; sourceTree = "<group>"; };
		86152F71F6CDC42BFFDF21B4 /* MyListingsView.swift */ = {isa = PBXFileReference; lastKnownFileType = sourcecode.swift; path = MyListingsView.swift; sourceTree = "<group>"; };
		928A469BAEB3FABCC0235EE2 /* CleanSwiftApp.swift */ = {isa = PBXFileReference; lastKnownFileType = sourcecode.swift; path = CleanSwiftApp.swift; sourceTree = "<group>"; };
		95D2AB0F05A5E28DA2889D39 /* SessionStore.swift */ = {isa = PBXFileReference; lastKnownFileType = sourcecode.swift; path = SessionStore.swift; sourceTree = "<group>"; };
		97130D86616373CC4A3D4013 /* ApplyCleanerView.swift */ = {isa = PBXFileReference; lastKnownFileType = sourcecode.swift; path = ApplyCleanerView.swift; sourceTree = "<group>"; };
		98F93542BFFD36DBBA5DD364 /* WelcomeView.swift */ = {isa = PBXFileReference; lastKnownFileType = sourcecode.swift; path = WelcomeView.swift; sourceTree = "<group>"; };
		AEB8E78151EF8852CA22DD10 /* MyRequestsView.swift */ = {isa = PBXFileReference; lastKnownFileType = sourcecode.swift; path = MyRequestsView.swift; sourceTree = "<group>"; };
		BB9A300ADBA73288FCD78E03 /* CleanerTabView.swift */ = {isa = PBXFileReference; lastKnownFileType = sourcecode.swift; path = CleanerTabView.swift; sourceTree = "<group>"; };
		C0E44B3CC433A823EA285D29 /* BrowseListingsView.swift */ = {isa = PBXFileReference; lastKnownFileType = sourcecode.swift; path = BrowseListingsView.swift; sourceTree = "<group>"; };
		C7E31480986D59B56713A275 /* ListingDetailView.swift */ = {isa = PBXFileReference; lastKnownFileType = sourcecode.swift; path = ListingDetailView.swift; sourceTree = "<group>"; };
		CDBF226790871BC581EFDA78 /* MyJobsView.swift */ = {isa = PBXFileReference; lastKnownFileType = sourcecode.swift; path = MyJobsView.swift; sourceTree = "<group>"; };
		CF4CEDE6B7B7578399F7CE13 /* OpenJobsView.swift */ = {isa = PBXFileReference; lastKnownFileType = sourcecode.swift; path = OpenJobsView.swift; sourceTree = "<group>"; };
		E8891F6F63452EDEE6955116 /* CleanerRequestsView.swift */ = {isa = PBXFileReference; lastKnownFileType = sourcecode.swift; path = CleanerRequestsView.swift; sourceTree = "<group>"; };
		F3C973A779C6AC714C2C76B5 /* ProfileView.swift */ = {isa = PBXFileReference; lastKnownFileType = sourcecode.swift; path = ProfileView.swift; sourceTree = "<group>"; };
/* End PBXFileReference section */

/* Begin PBXGroup section */
		2865998E464CC0A0C3E0E600 /* Models */ = {
			isa = PBXGroup;
			children = (
				4B47087556C949BBF6BEF0B4 /* Enums.swift */,
				06F3FC3A44BE29164119EA7E /* Models.swift */,
			);
			path = Models;
			sourceTree = "<group>";
		};
		36EF93B638E941C2FC875BCF /* Cleaner */ = {
			isa = PBXGroup;
			children = (
				97130D86616373CC4A3D4013 /* ApplyCleanerView.swift */,
				4E5A98C9A17D3E8F958B4594 /* CleanerJobsView.swift */,
				E8891F6F63452EDEE6955116 /* CleanerRequestsView.swift */,
				BB9A300ADBA73288FCD78E03 /* CleanerTabView.swift */,
				86152F71F6CDC42BFFDF21B4 /* MyListingsView.swift */,
				CF4CEDE6B7B7578399F7CE13 /* OpenJobsView.swift */,
			);
			path = Cleaner;
			sourceTree = "<group>";
		};
		6BDDBD9B304E18B334E91BD3 /* Core */ = {
			isa = PBXGroup;
			children = (
				7D078142DDB738E7FDAA2A68 /* API.swift */,
				65C5492F4BC3093D413F0140 /* APIClient.swift */,
				59DA0F454044F3BE592FBEBA /* KeychainHelper.swift */,
				95D2AB0F05A5E28DA2889D39 /* SessionStore.swift */,
			);
			path = Core;
			sourceTree = "<group>";
		};
		6E580909EFB1FEEAC02991D2 /* Products */ = {
			isa = PBXGroup;
			children = (
				5766A79C86083CA17F9690F5 /* CleanSwift.app */,
			);
			name = Products;
			sourceTree = "<group>";
		};
		81A18066FD5333EBBF7C2008 /* Profile */ = {
			isa = PBXGroup;
			children = (
				F3C973A779C6AC714C2C76B5 /* ProfileView.swift */,
			);
			path = Profile;
			sourceTree = "<group>";
		};
		905361084474F6232758B23D /* Auth */ = {
			isa = PBXGroup;
			children = (
				0E70C87FE6299CA851067E65 /* LoginView.swift */,
				3252B4F4B843A7D1F0A2D44A /* RegisterCleanerView.swift */,
				2384DA13DB2EA5E69082996F /* RegisterCustomerView.swift */,
				98F93542BFFD36DBBA5DD364 /* WelcomeView.swift */,
			);
			path = Auth;
			sourceTree = "<group>";
		};
		9329158C1CD2599EDF76C83A /* Customer */ = {
			isa = PBXGroup;
			children = (
				C0E44B3CC433A823EA285D29 /* BrowseListingsView.swift */,
				0A1DA1A50EE89D5FA8A2B0EA /* CreateJobView.swift */,
				538EF47B17A826422056293B /* CustomerTabView.swift */,
				20ECED9B44CD519E379882A8 /* JobDetailView.swift */,
				C7E31480986D59B56713A275 /* ListingDetailView.swift */,
				CDBF226790871BC581EFDA78 /* MyJobsView.swift */,
				AEB8E78151EF8852CA22DD10 /* MyRequestsView.swift */,
			);
			path = Customer;
			sourceTree = "<group>";
		};
		956452C4C91C4185A28D27DF /* Notifications */ = {
			isa = PBXGroup;
			children = (
				12B72DE80442759C07FA4BA5 /* NotificationsView.swift */,
			);
			path = Notifications;
			sourceTree = "<group>";
		};
		B0F203998F6002ED3970115E /* App */ = {
			isa = PBXGroup;
			children = (
				928A469BAEB3FABCC0235EE2 /* CleanSwiftApp.swift */,
				7A66EC4567404FB3943BD929 /* RootView.swift */,
			);
			path = App;
			sourceTree = "<group>";
		};
		B9886D0E7AFF99A795D01694 /* Shared */ = {
			isa = PBXGroup;
			children = (
				8193564E2BC46583DF3C94A4 /* Components.swift */,
			);
			path = Shared;
			sourceTree = "<group>";
		};
		B9BE43BB011DAF958920FCD4 /* Features */ = {
			isa = PBXGroup;
			children = (
				905361084474F6232758B23D /* Auth */,
				36EF93B638E941C2FC875BCF /* Cleaner */,
				9329158C1CD2599EDF76C83A /* Customer */,
				956452C4C91C4185A28D27DF /* Notifications */,
				81A18066FD5333EBBF7C2008 /* Profile */,
				B9886D0E7AFF99A795D01694 /* Shared */,
			);
			path = Features;
			sourceTree = "<group>";
		};
		D149A43AA24B10A890B01D95 /* CleanSwift */ = {
			isa = PBXGroup;
			children = (
				B0F203998F6002ED3970115E /* App */,
				6BDDBD9B304E18B334E91BD3 /* Core */,
				B9BE43BB011DAF958920FCD4 /* Features */,
				2865998E464CC0A0C3E0E600 /* Models */,
			);
			path = CleanSwift;
			sourceTree = "<group>";
		};
		EDD73EC495B7E89B98476FF7 = {
			isa = PBXGroup;
			children = (
				D149A43AA24B10A890B01D95 /* CleanSwift */,
				6E580909EFB1FEEAC02991D2 /* Products */,
			);
			sourceTree = "<group>";
		};
/* End PBXGroup section */

/* Begin PBXNativeTarget section */
		9C7995B8398CC1EB008ADD85 /* CleanSwift */ = {
			isa = PBXNativeTarget;
			buildConfigurationList = 89FFDE40C5B540E0E702C128 /* Build configuration list for PBXNativeTarget "CleanSwift" */;
			buildPhases = (
				902D4E5A940D6051D19AFAA2 /* Sources */,
			);
			buildRules = (
			);
			dependencies = (
			);
			name = CleanSwift;
			packageProductDependencies = (
			);
			productName = CleanSwift;
			productReference = 5766A79C86083CA17F9690F5 /* CleanSwift.app */;
			productType = "com.apple.product-type.application";
		};
/* End PBXNativeTarget section */

/* Begin PBXProject section */
		B99C3E36834F746F59CD27B3 /* Project object */ = {
			isa = PBXProject;
			attributes = {
				BuildIndependentTargetsInParallel = YES;
				LastUpgradeCheck = 1430;
				TargetAttributes = {
				};
			};
			buildConfigurationList = 6DE9ABB02EBDE5C9B68BB2AB /* Build configuration list for PBXProject "CleanSwift" */;
			developmentRegion = en;
			hasScannedForEncodings = 0;
			knownRegions = (
				Base,
				en,
			);
			mainGroup = EDD73EC495B7E89B98476FF7;
			minimizedProjectReferenceProxies = 1;
			preferredProjectObjectVersion = 77;
			productRefGroup = 6E580909EFB1FEEAC02991D2 /* Products */;
			projectDirPath = "";
			projectRoot = "";
			targets = (
				9C7995B8398CC1EB008ADD85 /* CleanSwift */,
			);
		};
/* End PBXProject section */

/* Begin PBXSourcesBuildPhase section */
		902D4E5A940D6051D19AFAA2 /* Sources */ = {
			isa = PBXSourcesBuildPhase;
			buildActionMask = 2147483647;
			files = (
				F866546202900BA1B87F9E23 /* API.swift in Sources */,
				5309DF94B871DE297D3F178C /* APIClient.swift in Sources */,
				6EF7BA0101F15A6E793A9D9E /* ApplyCleanerView.swift in Sources */,
				084C1D81F30A8C61C2B18E65 /* BrowseListingsView.swift in Sources */,
				F103BEDB5562C24D1548D16D /* CleanSwiftApp.swift in Sources */,
				CEC232C987F1E73BE970DAAD /* CleanerJobsView.swift in Sources */,
				D55B365BE37084E15CA4AAFA /* CleanerRequestsView.swift in Sources */,
				68BEB2966DFB84B611A8DA43 /* CleanerTabView.swift in Sources */,
				7871D98A72596A404D5E675E /* Components.swift in Sources */,
				707A525FEC4025D93CD13723 /* CreateJobView.swift in Sources */,
				2BED1B74502FFAD533CAC775 /* CustomerTabView.swift in Sources */,
				AC58620B3C0CA0AE54572253 /* Enums.swift in Sources */,
				508D1DDD5BA02718F7CEA00F /* JobDetailView.swift in Sources */,
				91546D9C02C171F8440927EC /* KeychainHelper.swift in Sources */,
				5662871FB0E046F57E16F75E /* ListingDetailView.swift in Sources */,
				5D2BC0CC241B13FE60BD8831 /* LoginView.swift in Sources */,
				3F1FE87A9EC508509668ABF0 /* Models.swift in Sources */,
				3869AF2EA933B5E967AB840D /* MyJobsView.swift in Sources */,
				EED42F8420764B16D84726E9 /* MyListingsView.swift in Sources */,
				2DD691B4540C13BFECA565DE /* MyRequestsView.swift in Sources */,
				64D1AE531D09CDC2FC7BF092 /* NotificationsView.swift in Sources */,
				392C3A538CD5562BAD3EF94A /* OpenJobsView.swift in Sources */,
				D1A42D62F04A5F283EC843FB /* ProfileView.swift in Sources */,
				082519D3F5B959E75A340961 /* RegisterCleanerView.swift in Sources */,
				9FC5E57A7FA4A44448DB14F1 /* RegisterCustomerView.swift in Sources */,
				DBDF5B3A3B7A76CD367228AC /* RootView.swift in Sources */,
				45671BC38A5CFAC4ED8E2FAB /* SessionStore.swift in Sources */,
				08ABBACF5BB56D46C8EDC0C9 /* WelcomeView.swift in Sources */,
			);
			runOnlyForDeploymentPostprocessing = 0;
		};
/* End PBXSourcesBuildPhase section */

/* Begin XCBuildConfiguration section */
		13DE5A5D4BE082F0F9BC4C2E /* Debug */ = {
			isa = XCBuildConfiguration;
			buildSettings = {
				ASSETCATALOG_COMPILER_APPICON_NAME = AppIcon;
				CODE_SIGN_IDENTITY = "iPhone Developer";
				CURRENT_PROJECT_VERSION = 1;
				ENABLE_USER_SCRIPT_SANDBOXING = YES;
				GENERATE_INFOPLIST_FILE = YES;
				INFOPLIST_KEY_CFBundleDisplayName = CleanSwift;
				INFOPLIST_KEY_UILaunchScreen_Generation = YES;
				INFOPLIST_KEY_UISupportedInterfaceOrientations = UIInterfaceOrientationPortrait;
				LD_RUNPATH_SEARCH_PATHS = (
					"$(inherited)",
					"@executable_path/Frameworks",
				);
				MARKETING_VERSION = 1.0;
				PRODUCT_BUNDLE_IDENTIFIER = com.cleanswift.app;
				SDKROOT = iphoneos;
				SWIFT_VERSION = 5.9;
				TARGETED_DEVICE_FAMILY = 1;
			};
			name = Debug;
		};
		255C1967F3A17110F6C9E022 /* Debug */ = {
			isa = XCBuildConfiguration;
			buildSettings = {
				ALWAYS_SEARCH_USER_PATHS = NO;
				CLANG_ANALYZER_NONNULL = YES;
				CLANG_ANALYZER_NUMBER_OBJECT_CONVERSION = YES_AGGRESSIVE;
				CLANG_CXX_LANGUAGE_STANDARD = "gnu++14";
				CLANG_CXX_LIBRARY = "libc++";
				CLANG_ENABLE_MODULES = YES;
				CLANG_ENABLE_OBJC_ARC = YES;
				CLANG_ENABLE_OBJC_WEAK = YES;
				CLANG_WARN_BLOCK_CAPTURE_AUTORELEASING = YES;
				CLANG_WARN_BOOL_CONVERSION = YES;
				CLANG_WARN_COMMA = YES;
				CLANG_WARN_CONSTANT_CONVERSION = YES;
				CLANG_WARN_DEPRECATED_OBJC_IMPLEMENTATIONS = YES;
				CLANG_WARN_DIRECT_OBJC_ISA_USAGE = YES_ERROR;
				CLANG_WARN_DOCUMENTATION_COMMENTS = YES;
				CLANG_WARN_EMPTY_BODY = YES;
				CLANG_WARN_ENUM_CONVERSION = YES;
				CLANG_WARN_INFINITE_RECURSION = YES;
				CLANG_WARN_INT_CONVERSION = YES;
				CLANG_WARN_NON_LITERAL_NULL_CONVERSION = YES;
				CLANG_WARN_OBJC_IMPLICIT_RETAIN_SELF = YES;
				CLANG_WARN_OBJC_LITERAL_CONVERSION = YES;
				CLANG_WARN_OBJC_ROOT_CLASS = YES_ERROR;
				CLANG_WARN_QUOTED_INCLUDE_IN_FRAMEWORK_HEADER = YES;
				CLANG_WARN_RANGE_LOOP_ANALYSIS = YES;
				CLANG_WARN_STRICT_PROTOTYPES = YES;
				CLANG_WARN_SUSPICIOUS_MOVE = YES;
				CLANG_WARN_UNGUARDED_AVAILABILITY = YES_AGGRESSIVE;
				CLANG_WARN_UNREACHABLE_CODE = YES;
				CLANG_WARN__DUPLICATE_METHOD_MATCH = YES;
				COPY_PHASE_STRIP = NO;
				DEBUG_INFORMATION_FORMAT = dwarf;
				ENABLE_STRICT_OBJC_MSGSEND = YES;
				ENABLE_TESTABILITY = YES;
				GCC_C_LANGUAGE_STANDARD = gnu11;
				GCC_DYNAMIC_NO_PIC = NO;
				GCC_NO_COMMON_BLOCKS = YES;
				GCC_OPTIMIZATION_LEVEL = 0;
				GCC_PREPROCESSOR_DEFINITIONS = (
					"$(inherited)",
					"DEBUG=1",
				);
				GCC_WARN_64_TO_32_BIT_CONVERSION = YES;
				GCC_WARN_ABOUT_RETURN_TYPE = YES_ERROR;
				GCC_WARN_UNDECLARED_SELECTOR = YES;
				GCC_WARN_UNINITIALIZED_AUTOS = YES_AGGRESSIVE;
				GCC_WARN_UNUSED_FUNCTION = YES;
				GCC_WARN_UNUSED_VARIABLE = YES;
				IPHONEOS_DEPLOYMENT_TARGET = 17.0;
				MTL_ENABLE_DEBUG_INFO = INCLUDE_SOURCE;
				MTL_FAST_MATH = YES;
				ONLY_ACTIVE_ARCH = YES;
				PRODUCT_NAME = "$(TARGET_NAME)";
				SDKROOT = iphoneos;
				SWIFT_ACTIVE_COMPILATION_CONDITIONS = DEBUG;
				SWIFT_OPTIMIZATION_LEVEL = "-Onone";
				SWIFT_VERSION = 5.0;
			};
			name = Debug;
		};
		86FE18C472690C00DE4191C6 /* Release */ = {
			isa = XCBuildConfiguration;
			buildSettings = {
				ALWAYS_SEARCH_USER_PATHS = NO;
				CLANG_ANALYZER_NONNULL = YES;
				CLANG_ANALYZER_NUMBER_OBJECT_CONVERSION = YES_AGGRESSIVE;
				CLANG_CXX_LANGUAGE_STANDARD = "gnu++14";
				CLANG_CXX_LIBRARY = "libc++";
				CLANG_ENABLE_MODULES = YES;
				CLANG_ENABLE_OBJC_ARC = YES;
				CLANG_ENABLE_OBJC_WEAK = YES;
				CLANG_WARN_BLOCK_CAPTURE_AUTORELEASING = YES;
				CLANG_WARN_BOOL_CONVERSION = YES;
				CLANG_WARN_COMMA = YES;
				CLANG_WARN_CONSTANT_CONVERSION = YES;
				CLANG_WARN_DEPRECATED_OBJC_IMPLEMENTATIONS = YES;
				CLANG_WARN_DIRECT_OBJC_ISA_USAGE = YES_ERROR;
				CLANG_WARN_DOCUMENTATION_COMMENTS = YES;
				CLANG_WARN_EMPTY_BODY = YES;
				CLANG_WARN_ENUM_CONVERSION = YES;
				CLANG_WARN_INFINITE_RECURSION = YES;
				CLANG_WARN_INT_CONVERSION = YES;
				CLANG_WARN_NON_LITERAL_NULL_CONVERSION = YES;
				CLANG_WARN_OBJC_IMPLICIT_RETAIN_SELF = YES;
				CLANG_WARN_OBJC_LITERAL_CONVERSION = YES;
				CLANG_WARN_OBJC_ROOT_CLASS = YES_ERROR;
				CLANG_WARN_QUOTED_INCLUDE_IN_FRAMEWORK_HEADER = YES;
				CLANG_WARN_RANGE_LOOP_ANALYSIS = YES;
				CLANG_WARN_STRICT_PROTOTYPES = YES;
				CLANG_WARN_SUSPICIOUS_MOVE = YES;
				CLANG_WARN_UNGUARDED_AVAILABILITY = YES_AGGRESSIVE;
				CLANG_WARN_UNREACHABLE_CODE = YES;
				CLANG_WARN__DUPLICATE_METHOD_MATCH = YES;
				COPY_PHASE_STRIP = NO;
				DEBUG_INFORMATION_FORMAT = "dwarf-with-dsym";
				ENABLE_NS_ASSERTIONS = NO;
				ENABLE_STRICT_OBJC_MSGSEND = YES;
				GCC_C_LANGUAGE_STANDARD = gnu11;
				GCC_NO_COMMON_BLOCKS = YES;
				GCC_WARN_64_TO_32_BIT_CONVERSION = YES;
				GCC_WARN_ABOUT_RETURN_TYPE = YES_ERROR;
				GCC_WARN_UNDECLARED_SELECTOR = YES;
				GCC_WARN_UNINITIALIZED_AUTOS = YES_AGGRESSIVE;
				GCC_WARN_UNUSED_FUNCTION = YES;
				GCC_WARN_UNUSED_VARIABLE = YES;
				IPHONEOS_DEPLOYMENT_TARGET = 17.0;
				MTL_ENABLE_DEBUG_INFO = NO;
				MTL_FAST_MATH = YES;
				PRODUCT_NAME = "$(TARGET_NAME)";
				SDKROOT = iphoneos;
				SWIFT_COMPILATION_MODE = wholemodule;
				SWIFT_OPTIMIZATION_LEVEL = "-O";
				SWIFT_VERSION = 5.0;
			};
			name = Release;
		};
		FFD06A927DF0A0433A49A0E3 /* Release */ = {
			isa = XCBuildConfiguration;
			buildSettings = {
				ASSETCATALOG_COMPILER_APPICON_NAME = AppIcon;
				CODE_SIGN_IDENTITY = "iPhone Developer";
				CURRENT_PROJECT_VERSION = 1;
				ENABLE_USER_SCRIPT_SANDBOXING = YES;
				GENERATE_INFOPLIST_FILE = YES;
				INFOPLIST_KEY_CFBundleDisplayName = CleanSwift;
				INFOPLIST_KEY_UILaunchScreen_Generation = YES;
				INFOPLIST_KEY_UISupportedInterfaceOrientations = UIInterfaceOrientationPortrait;
				LD_RUNPATH_SEARCH_PATHS = (
					"$(inherited)",
					"@executable_path/Frameworks",
				);
				MARKETING_VERSION = 1.0;
				PRODUCT_BUNDLE_IDENTIFIER = com.cleanswift.app;
				SDKROOT = iphoneos;
				SWIFT_VERSION = 5.9;
				TARGETED_DEVICE_FAMILY = 1;
			};
			name = Release;
		};
/* End XCBuildConfiguration section */

/* Begin XCConfigurationList section */
		6DE9ABB02EBDE5C9B68BB2AB /* Build configuration list for PBXProject "CleanSwift" */ = {
			isa = XCConfigurationList;
			buildConfigurations = (
				255C1967F3A17110F6C9E022 /* Debug */,
				86FE18C472690C00DE4191C6 /* Release */,
			);
			defaultConfigurationIsVisible = 0;
			defaultConfigurationName = Debug;
		};
		89FFDE40C5B540E0E702C128 /* Build configuration list for PBXNativeTarget "CleanSwift" */ = {
			isa = XCConfigurationList;
			buildConfigurations = (
				13DE5A5D4BE082F0F9BC4C2E /* Debug */,
				FFD06A927DF0A0433A49A0E3 /* Release */,
			);
			defaultConfigurationIsVisible = 0;
			defaultConfigurationName = Debug;
		};
/* End XCConfigurationList section */
	};
	rootObject = B99C3E36834F746F59CD27B3 /* Project object */;
}
